// !$*UTF8*$!
{
	archiveVersion = 1;
	classes = {
	};
	objectVersion = 46;
	objects = {

/* Begin PBXBuildFile section */
		736B6BD82EF87EDE7FCF6DFE /* libPods.a in Frameworks */ = {isa = PBXBuildFile; fileRef = EE8E82B16F0AC14988BB9451 /* libPods.a */; };
		E800B5BC1C8EF4CB00F8BDEE /* ComRequest.m in Sources */ = {isa = PBXBuildFile; fileRef = E800B5BB1C8EF4CB00F8BDEE /* ComRequest.m */; };
		E8019A061CAE223900336897 /* BookTableViewCell.m in Sources */ = {isa = PBXBuildFile; fileRef = E8019A051CAE223900336897 /* BookTableViewCell.m */; };
		E807D21E1CB7A6F000ADCF87 /* ComErrorViewManager.m in Sources */ = {isa = PBXBuildFile; fileRef = E807D21D1CB7A6F000ADCF87 /* ComErrorViewManager.m */; };
		E807D2231CB7A91200ADCF87 /* UIView+Additions.m in Sources */ = {isa = PBXBuildFile; fileRef = E807D2221CB7A91200ADCF87 /* UIView+Additions.m */; };
		E80F665E1CCE4F5300D8494D /* UIButton+Block.m in Sources */ = {isa = PBXBuildFile; fileRef = E80F665D1CCE4F5300D8494D /* UIButton+Block.m */; };
		E83D0AA61CB21DF800E40B88 /* BookRequest.m in Sources */ = {isa = PBXBuildFile; fileRef = E83D0AA51CB21DF800E40B88 /* BookRequest.m */; };
		E84262BE1CD8308A00100C3B /* ComCollectionView.m in Sources */ = {isa = PBXBuildFile; fileRef = E84262AD1CD8308A00100C3B /* ComCollectionView.m */; };
		E84262BF1CD8308A00100C3B /* ComCollectionViewDataSource.m in Sources */ = {isa = PBXBuildFile; fileRef = E84262AF1CD8308A00100C3B /* ComCollectionViewDataSource.m */; };
		E84262C01CD8308A00100C3B /* ComCollectionViewDelegate.m in Sources */ = {isa = PBXBuildFile; fileRef = E84262B11CD8308A00100C3B /* ComCollectionViewDelegate.m */; };
		E84262C11CD8308A00100C3B /* ComScrollView.m in Sources */ = {isa = PBXBuildFile; fileRef = E84262B41CD8308A00100C3B /* ComScrollView.m */; };
		E84262C21CD8308A00100C3B /* ComTableView.m in Sources */ = {isa = PBXBuildFile; fileRef = E84262B71CD8308A00100C3B /* ComTableView.m */; };
		E84262C31CD8308A00100C3B /* ComTableViewCell.m in Sources */ = {isa = PBXBuildFile; fileRef = E84262B91CD8308A00100C3B /* ComTableViewCell.m */; };
		E84262C41CD8308A00100C3B /* ComTableViewDataSource.m in Sources */ = {isa = PBXBuildFile; fileRef = E84262BB1CD8308A00100C3B /* ComTableViewDataSource.m */; };
		E84262C51CD8308A00100C3B /* ComTableViewDelegate.m in Sources */ = {isa = PBXBuildFile; fileRef = E84262BD1CD8308A00100C3B /* ComTableViewDelegate.m */; };
		E84262C81CD830EE00100C3B /* ComCollectionViewCell.m in Sources */ = {isa = PBXBuildFile; fileRef = E84262C71CD830EE00100C3B /* ComCollectionViewCell.m */; };
		E84262CB1CD835C900100C3B /* BookCollectionViewCell.m in Sources */ = {isa = PBXBuildFile; fileRef = E84262CA1CD835C900100C3B /* BookCollectionViewCell.m */; };
		E84262D71CD886E600100C3B /* ComBaseViewController.m in Sources */ = {isa = PBXBuildFile; fileRef = E84262CE1CD886E600100C3B /* ComBaseViewController.m */; };
		E84372141CF53B1300EF51FC /* XMLReader.m in Sources */ = {isa = PBXBuildFile; fileRef = E843720E1CF53B1300EF51FC /* XMLReader.m */; };
		E84372161CF53B1300EF51FC /* XMLWriter.m in Sources */ = {isa = PBXBuildFile; fileRef = E84372121CF53B1300EF51FC /* XMLWriter.m */; };
		E846C4221D9157B000001ACD /* NSString+Validate.m in Sources */ = {isa = PBXBuildFile; fileRef = E846C4211D9157B000001ACD /* NSString+Validate.m */; };
		E846C4291D917B8200001ACD /* NSString+Additions.m in Sources */ = {isa = PBXBuildFile; fileRef = E846C4281D917B8200001ACD /* NSString+Additions.m */; };
		E84BD2221C8FB19F003EF94A /* UserModel.m in Sources */ = {isa = PBXBuildFile; fileRef = E84BD2211C8FB19F003EF94A /* UserModel.m */; };
		E84BD2251C8FBF16003EF94A /* BaseModel.m in Sources */ = {isa = PBXBuildFile; fileRef = E84BD2241C8FBF16003EF94A /* BaseModel.m */; };
		E8561D5D1D7EFEC900C507CF /* RegisterViewController.m in Sources */ = {isa = PBXBuildFile; fileRef = E8561D5B1D7EFEC900C507CF /* RegisterViewController.m */; };
		E8561D5E1D7EFEC900C507CF /* RegisterViewController.xib in Resources */ = {isa = PBXBuildFile; fileRef = E8561D5C1D7EFEC900C507CF /* RegisterViewController.xib */; };
		E858E8191D92C05800767C83 /* ComSMSManager.m in Sources */ = {isa = PBXBuildFile; fileRef = E858E8181D92C05800767C83 /* ComSMSManager.m */; };
		E858E81C1D92C0C400767C83 /* ComNetManager.m in Sources */ = {isa = PBXBuildFile; fileRef = E858E81B1D92C0C400767C83 /* ComNetManager.m */; };
		E858E8201D92C94000767C83 /* ComColorManager.m in Sources */ = {isa = PBXBuildFile; fileRef = E858E81F1D92C94000767C83 /* ComColorManager.m */; };
		E8690AC71C93BEC300BFC155 /* TagModel.m in Sources */ = {isa = PBXBuildFile; fileRef = E8690AC61C93BEC300BFC155 /* TagModel.m */; };
		E86A22461C91A9B300E34A62 /* ComNetworking.m in Sources */ = {isa = PBXBuildFile; fileRef = E86A22451C91A9B300E34A62 /* ComNetworking.m */; };
		E881E5661CF57C6E0021DA23 /* ComPageRequest.m in Sources */ = {isa = PBXBuildFile; fileRef = E881E5651CF57C6E0021DA23 /* ComPageRequest.m */; };
		E88833CB1CD7187F007AA83D /* UIView+TapBlock.m in Sources */ = {isa = PBXBuildFile; fileRef = E88833CA1CD7187F007AA83D /* UIView+TapBlock.m */; };
		E88DFE991D7466E50058F015 /* ComTabViewController.m in Sources */ = {isa = PBXBuildFile; fileRef = E88DFE981D7466E50058F015 /* ComTabViewController.m */; };
		E88DFEA51D7474380058F015 /* HomeVC.m in Sources */ = {isa = PBXBuildFile; fileRef = E88DFEA21D7474380058F015 /* HomeVC.m */; };
		E88DFEA61D7474380058F015 /* HomeVC.xib in Resources */ = {isa = PBXBuildFile; fileRef = E88DFEA31D7474380058F015 /* HomeVC.xib */; };
		E88DFEB01D74748D0058F015 /* ComDemoViewController.m in Sources */ = {isa = PBXBuildFile; fileRef = E88DFEA91D74748D0058F015 /* ComDemoViewController.m */; };
		E88DFEB11D74748D0058F015 /* TestCollectionViewController.m in Sources */ = {isa = PBXBuildFile; fileRef = E88DFEAB1D74748D0058F015 /* TestCollectionViewController.m */; };
		E88DFEB21D74748D0058F015 /* TestScrollViewController.m in Sources */ = {isa = PBXBuildFile; fileRef = E88DFEAD1D74748D0058F015 /* TestScrollViewController.m */; };
		E88DFEB31D74748D0058F015 /* TestTableViewController.m in Sources */ = {isa = PBXBuildFile; fileRef = E88DFEAF1D74748D0058F015 /* TestTableViewController.m */; };
		E88DFEB81D7475070058F015 /* MineVC.m in Sources */ = {isa = PBXBuildFile; fileRef = E88DFEB61D7475070058F015 /* MineVC.m */; };
		E88DFEB91D7475070058F015 /* MineVC.xib in Resources */ = {isa = PBXBuildFile; fileRef = E88DFEB71D7475070058F015 /* MineVC.xib */; };
		E88DFEC71D7475470058F015 /* tool_button_buy_bor@2x.png in Resources */ = {isa = PBXBuildFile; fileRef = E88DFEBB1D7475470058F015 /* tool_button_buy_bor@2x.png */; };
		E88DFEC81D7475470058F015 /* tool_button_buy_bor@3x.png in Resources */ = {isa = PBXBuildFile; fileRef = E88DFEBC1D7475470058F015 /* tool_button_buy_bor@3x.png */; };
		E88DFEC91D7475470058F015 /* tool_button_buy_sel@2x.png in Resources */ = {isa = PBXBuildFile; fileRef = E88DFEBD1D7475470058F015 /* tool_button_buy_sel@2x.png */; };
		E88DFECA1D7475470058F015 /* tool_button_buy_sel@3x.png in Resources */ = {isa = PBXBuildFile; fileRef = E88DFEBE1D7475470058F015 /* tool_button_buy_sel@3x.png */; };
		E88DFECB1D7475470058F015 /* tool_button_home_bor@2x.png in Resources */ = {isa = PBXBuildFile; fileRef = E88DFEBF1D7475470058F015 /* tool_button_home_bor@2x.png */; };
		E88DFECC1D7475470058F015 /* tool_button_home_bor@3x.png in Resources */ = {isa = PBXBuildFile; fileRef = E88DFEC01D7475470058F015 /* tool_button_home_bor@3x.png */; };
		E88DFECD1D7475470058F015 /* tool_button_home_sel@2x.png in Resources */ = {isa = PBXBuildFile; fileRef = E88DFEC11D7475470058F015 /* tool_button_home_sel@2x.png */; };
		E88DFECE1D7475470058F015 /* tool_button_home_sel@3x.png in Resources */ = {isa = PBXBuildFile; fileRef = E88DFEC21D7475470058F015 /* tool_button_home_sel@3x.png */; };
		E88DFECF1D7475470058F015 /* tool_button_user_bor@2x.png in Resources */ = {isa = PBXBuildFile; fileRef = E88DFEC31D7475470058F015 /* tool_button_user_bor@2x.png */; };
		E88DFED01D7475470058F015 /* tool_button_user_bor@3x.png in Resources */ = {isa = PBXBuildFile; fileRef = E88DFEC41D7475470058F015 /* tool_button_user_bor@3x.png */; };
		E88DFED11D7475470058F015 /* tool_button_user_sel@2x.png in Resources */ = {isa = PBXBuildFile; fileRef = E88DFEC51D7475470058F015 /* tool_button_user_sel@2x.png */; };
		E88DFED21D7475470058F015 /* tool_button_user_sel@3x.png in Resources */ = {isa = PBXBuildFile; fileRef = E88DFEC61D7475470058F015 /* tool_button_user_sel@3x.png */; };
		E897D3B21C8E64D80067B3E6 /* Assets.xcassets in Resources */ = {isa = PBXBuildFile; fileRef = E897D3B11C8E64D80067B3E6 /* Assets.xcassets */; };
		E8BFB08F1CE32B93002E99EC /* UIAlertView+Block2.m in Sources */ = {isa = PBXBuildFile; fileRef = E8BFB08E1CE32B93002E99EC /* UIAlertView+Block2.m */; };
		E8C326461C891B7E00628824 /* main.m in Sources */ = {isa = PBXBuildFile; fileRef = E8C326451C891B7E00628824 /* main.m */; };
		E8DD5FEF1D90227100021379 /* MOBFoundation.framework in Frameworks */ = {isa = PBXBuildFile; fileRef = E8DD5FED1D90227100021379 /* MOBFoundation.framework */; };
		E8DD5FF01D90227100021379 /* SMS_SDK.framework in Frameworks */ = {isa = PBXBuildFile; fileRef = E8DD5FEE1D90227100021379 /* SMS_SDK.framework */; };
		E8DD5FF41D902D8D00021379 /* MessageUI.framework in Frameworks */ = {isa = PBXBuildFile; fileRef = E8DD5FF31D902D8D00021379 /* MessageUI.framework */; };
		E8DD5FF61D902D9300021379 /* JavaScriptCore.framework in Frameworks */ = {isa = PBXBuildFile; fileRef = E8DD5FF51D902D9300021379 /* JavaScriptCore.framework */; };
		E8DD5FF81D902DB900021379 /* libz.tbd in Frameworks */ = {isa = PBXBuildFile; fileRef = E8DD5FF71D902DB900021379 /* libz.tbd */; };
		E8DD5FFA1D902DD000021379 /* libicucore.tbd in Frameworks */ = {isa = PBXBuildFile; fileRef = E8DD5FF91D902DD000021379 /* libicucore.tbd */; };
		E8DD5FFC1D902DE000021379 /* libstdc++.tbd in Frameworks */ = {isa = PBXBuildFile; fileRef = E8DD5FFB1D902DE000021379 /* libstdc++.tbd */; };
		E8F54DF61CAB7A3100F492B2 /* BookListModel.m in Sources */ = {isa = PBXBuildFile; fileRef = E8F54DF51CAB7A3100F492B2 /* BookListModel.m */; };
		E8F54DF91CABAF7900F492B2 /* BookModel.m in Sources */ = {isa = PBXBuildFile; fileRef = E8F54DF81CABAF7900F492B2 /* BookModel.m */; };
		E8F7C0401C8D6D6900625004 /* ComApplication.m in Sources */ = {isa = PBXBuildFile; fileRef = E8F7C03F1C8D6D6900625004 /* ComApplication.m */; };
		E8F7C0431C8D6DDA00625004 /* ComAppDelegate.m in Sources */ = {isa = PBXBuildFile; fileRef = E8F7C0421C8D6DDA00625004 /* ComAppDelegate.m */; };
		E8FC45AE1CE082D200B97AA2 /* ComRootNavigationController.m in Sources */ = {isa = PBXBuildFile; fileRef = E8FC45AD1CE082D200B97AA2 /* ComRootNavigationController.m */; };
		E8FC45B11CE0899000B97AA2 /* AppCommon.m in Sources */ = {isa = PBXBuildFile; fileRef = E8FC45B01CE0899000B97AA2 /* AppCommon.m */; };
/* End PBXBuildFile section */

/* Begin PBXFileReference section */
		56BDED27ABF11BF389ED8CA5 /* Pods.debug.xcconfig */ = {isa = PBXFileReference; includeInIndex = 1; lastKnownFileType = text.xcconfig; name = Pods.debug.xcconfig; path = "Pods/Target Support Files/Pods/Pods.debug.xcconfig"; sourceTree = "<group>"; };
		E800B5B81C8EF25B00F8BDEE /* ComUIDefine.h */ = {isa = PBXFileReference; lastKnownFileType = sourcecode.c.h; path = ComUIDefine.h; sourceTree = "<group>"; };
		E800B5BA1C8EF4CB00F8BDEE /* ComRequest.h */ = {isa = PBXFileReference; fileEncoding = 4; lastKnownFileType = sourcecode.c.h; path = ComRequest.h; sourceTree = "<group>"; };
		E800B5BB1C8EF4CB00F8BDEE /* ComRequest.m */ = {isa = PBXFileReference; fileEncoding = 4; lastKnownFileType = sourcecode.c.objc; path = ComRequest.m; sourceTree = "<group>"; };
		E8019A041CAE223900336897 /* BookTableViewCell.h */ = {isa = PBXFileReference; fileEncoding = 4; lastKnownFileType = sourcecode.c.h; path = BookTableViewCell.h; sourceTree = "<group>"; };
		E8019A051CAE223900336897 /* BookTableViewCell.m */ = {isa = PBXFileReference; fileEncoding = 4; lastKnownFileType = sourcecode.c.objc; path = BookTableViewCell.m; sourceTree = "<group>"; };
		E807D21C1CB7A6F000ADCF87 /* ComErrorViewManager.h */ = {isa = PBXFileReference; fileEncoding = 4; lastKnownFileType = sourcecode.c.h; path = ComErrorViewManager.h; sourceTree = "<group>"; };
		E807D21D1CB7A6F000ADCF87 /* ComErrorViewManager.m */ = {isa = PBXFileReference; fileEncoding = 4; lastKnownFileType = sourcecode.c.objc; path = ComErrorViewManager.m; sourceTree = "<group>"; };
		E807D2211CB7A91200ADCF87 /* UIView+Additions.h */ = {isa = PBXFileReference; fileEncoding = 4; lastKnownFileType = sourcecode.c.h; path = "UIView+Additions.h"; sourceTree = "<group>"; };
		E807D2221CB7A91200ADCF87 /* UIView+Additions.m */ = {isa = PBXFileReference; fileEncoding = 4; lastKnownFileType = sourcecode.c.objc; path = "UIView+Additions.m"; sourceTree = "<group>"; };
		E80F665C1CCE4F5300D8494D /* UIButton+Block.h */ = {isa = PBXFileReference; fileEncoding = 4; lastKnownFileType = sourcecode.c.h; path = "UIButton+Block.h"; sourceTree = "<group>"; };
		E80F665D1CCE4F5300D8494D /* UIButton+Block.m */ = {isa = PBXFileReference; fileEncoding = 4; lastKnownFileType = sourcecode.c.objc; path = "UIButton+Block.m"; sourceTree = "<group>"; };
		E83D0AA41CB21DF800E40B88 /* BookRequest.h */ = {isa = PBXFileReference; fileEncoding = 4; lastKnownFileType = sourcecode.c.h; path = BookRequest.h; sourceTree = "<group>"; };
		E83D0AA51CB21DF800E40B88 /* BookRequest.m */ = {isa = PBXFileReference; fileEncoding = 4; lastKnownFileType = sourcecode.c.objc; path = BookRequest.m; sourceTree = "<group>"; };
		E84262AC1CD8308A00100C3B /* ComCollectionView.h */ = {isa = PBXFileReference; fileEncoding = 4; lastKnownFileType = sourcecode.c.h; path = ComCollectionView.h; sourceTree = "<group>"; };
		E84262AD1CD8308A00100C3B /* ComCollectionView.m */ = {isa = PBXFileReference; fileEncoding = 4; lastKnownFileType = sourcecode.c.objc; path = ComCollectionView.m; sourceTree = "<group>"; };
		E84262AE1CD8308A00100C3B /* ComCollectionViewDataSource.h */ = {isa = PBXFileReference; fileEncoding = 4; lastKnownFileType = sourcecode.c.h; path = ComCollectionViewDataSource.h; sourceTree = "<group>"; };
		E84262AF1CD8308A00100C3B /* ComCollectionViewDataSource.m */ = {isa = PBXFileReference; fileEncoding = 4; lastKnownFileType = sourcecode.c.objc; path = ComCollectionViewDataSource.m; sourceTree = "<group>"; };
		E84262B01CD8308A00100C3B /* ComCollectionViewDelegate.h */ = {isa = PBXFileReference; fileEncoding = 4; lastKnownFileType = sourcecode.c.h; path = ComCollectionViewDelegate.h; sourceTree = "<group>"; };
		E84262B11CD8308A00100C3B /* ComCollectionViewDelegate.m */ = {isa = PBXFileReference; fileEncoding = 4; lastKnownFileType = sourcecode.c.objc; path = ComCollectionViewDelegate.m; sourceTree = "<group>"; };
		E84262B31CD8308A00100C3B /* ComScrollView.h */ = {isa = PBXFileReference; fileEncoding = 4; lastKnownFileType = sourcecode.c.h; path = ComScrollView.h; sourceTree = "<group>"; };
		E84262B41CD8308A00100C3B /* ComScrollView.m */ = {isa = PBXFileReference; fileEncoding = 4; lastKnownFileType = sourcecode.c.objc; path = ComScrollView.m; sourceTree = "<group>"; };
		E84262B61CD8308A00100C3B /* ComTableView.h */ = {isa = PBXFileReference; fileEncoding = 4; lastKnownFileType = sourcecode.c.h; path = ComTableView.h; sourceTree = "<group>"; };
		E84262B71CD8308A00100C3B /* ComTableView.m */ = {isa = PBXFileReference; fileEncoding = 4; lastKnownFileType = sourcecode.c.objc; path = ComTableView.m; sourceTree = "<group>"; };
		E84262B81CD8308A00100C3B /* ComTableViewCell.h */ = {isa = PBXFileReference; fileEncoding = 4; lastKnownFileType = sourcecode.c.h; path = ComTableViewCell.h; sourceTree = "<group>"; };
		E84262B91CD8308A00100C3B /* ComTableViewCell.m */ = {isa = PBXFileReference; fileEncoding = 4; lastKnownFileType = sourcecode.c.objc; path = ComTableViewCell.m; sourceTree = "<group>"; };
		E84262BA1CD8308A00100C3B /* ComTableViewDataSource.h */ = {isa = PBXFileReference; fileEncoding = 4; lastKnownFileType = sourcecode.c.h; path = ComTableViewDataSource.h; sourceTree = "<group>"; };
		E84262BB1CD8308A00100C3B /* ComTableViewDataSource.m */ = {isa = PBXFileReference; fileEncoding = 4; lastKnownFileType = sourcecode.c.objc; path = ComTableViewDataSource.m; sourceTree = "<group>"; };
		E84262BC1CD8308A00100C3B /* ComTableViewDelegate.h */ = {isa = PBXFileReference; fileEncoding = 4; lastKnownFileType = sourcecode.c.h; path = ComTableViewDelegate.h; sourceTree = "<group>"; };
		E84262BD1CD8308A00100C3B /* ComTableViewDelegate.m */ = {isa = PBXFileReference; fileEncoding = 4; lastKnownFileType = sourcecode.c.objc; path = ComTableViewDelegate.m; sourceTree = "<group>"; };
		E84262C61CD830EE00100C3B /* ComCollectionViewCell.h */ = {isa = PBXFileReference; fileEncoding = 4; lastKnownFileType = sourcecode.c.h; path = ComCollectionViewCell.h; sourceTree = "<group>"; };
		E84262C71CD830EE00100C3B /* ComCollectionViewCell.m */ = {isa = PBXFileReference; fileEncoding = 4; lastKnownFileType = sourcecode.c.objc; path = ComCollectionViewCell.m; sourceTree = "<group>"; };
		E84262C91CD835C900100C3B /* BookCollectionViewCell.h */ = {isa = PBXFileReference; fileEncoding = 4; lastKnownFileType = sourcecode.c.h; path = BookCollectionViewCell.h; sourceTree = "<group>"; };
		E84262CA1CD835C900100C3B /* BookCollectionViewCell.m */ = {isa = PBXFileReference; fileEncoding = 4; lastKnownFileType = sourcecode.c.objc; path = BookCollectionViewCell.m; sourceTree = "<group>"; };
		E84262CD1CD886E600100C3B /* ComBaseViewController.h */ = {isa = PBXFileReference; fileEncoding = 4; lastKnownFileType = sourcecode.c.h; path = ComBaseViewController.h; sourceTree = "<group>"; };
		E84262CE1CD886E600100C3B /* ComBaseViewController.m */ = {isa = PBXFileReference; fileEncoding = 4; lastKnownFileType = sourcecode.c.objc; path = ComBaseViewController.m; sourceTree = "<group>"; };
		E843720D1CF53B1300EF51FC /* XMLReader.h */ = {isa = PBXFileReference; fileEncoding = 4; lastKnownFileType = sourcecode.c.h; path = XMLReader.h; sourceTree = "<group>"; };
		E843720E1CF53B1300EF51FC /* XMLReader.m */ = {isa = PBXFileReference; fileEncoding = 4; lastKnownFileType = sourcecode.c.objc; path = XMLReader.m; sourceTree = "<group>"; };
		E84372111CF53B1300EF51FC /* XMLWriter.h */ = {isa = PBXFileReference; fileEncoding = 4; lastKnownFileType = sourcecode.c.h; path = XMLWriter.h; sourceTree = "<group>"; };
		E84372121CF53B1300EF51FC /* XMLWriter.m */ = {isa = PBXFileReference; fileEncoding = 4; lastKnownFileType = sourcecode.c.objc; path = XMLWriter.m; sourceTree = "<group>"; };
		E846C4211D9157B000001ACD /* NSString+Validate.m */ = {isa = PBXFileReference; fileEncoding = 4; lastKnownFileType = sourcecode.c.objc; path = "NSString+Validate.m"; sourceTree = "<group>"; };
		E846C4231D9157BC00001ACD /* NSString+Validate.h */ = {isa = PBXFileReference; fileEncoding = 4; lastKnownFileType = sourcecode.c.h; path = "NSString+Validate.h"; sourceTree = "<group>"; };
		E846C4271D917B8200001ACD /* NSString+Additions.h */ = {isa = PBXFileReference; fileEncoding = 4; lastKnownFileType = sourcecode.c.h; path = "NSString+Additions.h"; sourceTree = "<group>"; };
		E846C4281D917B8200001ACD /* NSString+Additions.m */ = {isa = PBXFileReference; fileEncoding = 4; lastKnownFileType = sourcecode.c.objc; path = "NSString+Additions.m"; sourceTree = "<group>"; };
		E84BD2201C8FB19F003EF94A /* UserModel.h */ = {isa = PBXFileReference; fileEncoding = 4; lastKnownFileType = sourcecode.c.h; path = UserModel.h; sourceTree = "<group>"; };
		E84BD2211C8FB19F003EF94A /* UserModel.m */ = {isa = PBXFileReference; fileEncoding = 4; lastKnownFileType = sourcecode.c.objc; path = UserModel.m; sourceTree = "<group>"; };
		E84BD2231C8FBF16003EF94A /* BaseModel.h */ = {isa = PBXFileReference; fileEncoding = 4; lastKnownFileType = sourcecode.c.h; path = BaseModel.h; sourceTree = "<group>"; };
		E84BD2241C8FBF16003EF94A /* BaseModel.m */ = {isa = PBXFileReference; fileEncoding = 4; lastKnownFileType = sourcecode.c.objc; path = BaseModel.m; sourceTree = "<group>"; };
		E8561D5A1D7EFEC900C507CF /* RegisterViewController.h */ = {isa = PBXFileReference; fileEncoding = 4; lastKnownFileType = sourcecode.c.h; path = RegisterViewController.h; sourceTree = "<group>"; };
		E8561D5B1D7EFEC900C507CF /* RegisterViewController.m */ = {isa = PBXFileReference; fileEncoding = 4; lastKnownFileType = sourcecode.c.objc; path = RegisterViewController.m; sourceTree = "<group>"; };
		E8561D5C1D7EFEC900C507CF /* RegisterViewController.xib */ = {isa = PBXFileReference; fileEncoding = 4; lastKnownFileType = file.xib; path = RegisterViewController.xib; sourceTree = "<group>"; };
		E858E8171D92C05800767C83 /* ComSMSManager.h */ = {isa = PBXFileReference; fileEncoding = 4; lastKnownFileType = sourcecode.c.h; path = ComSMSManager.h; sourceTree = "<group>"; };
		E858E8181D92C05800767C83 /* ComSMSManager.m */ = {isa = PBXFileReference; fileEncoding = 4; lastKnownFileType = sourcecode.c.objc; path = ComSMSManager.m; sourceTree = "<group>"; };
		E858E81A1D92C0C400767C83 /* ComNetManager.h */ = {isa = PBXFileReference; fileEncoding = 4; lastKnownFileType = sourcecode.c.h; path = ComNetManager.h; sourceTree = "<group>"; };
		E858E81B1D92C0C400767C83 /* ComNetManager.m */ = {isa = PBXFileReference; fileEncoding = 4; lastKnownFileType = sourcecode.c.objc; path = ComNetManager.m; sourceTree = "<group>"; };
		E858E81E1D92C94000767C83 /* ComColorManager.h */ = {isa = PBXFileReference; fileEncoding = 4; lastKnownFileType = sourcecode.c.h; path = ComColorManager.h; sourceTree = "<group>"; };
		E858E81F1D92C94000767C83 /* ComColorManager.m */ = {isa = PBXFileReference; fileEncoding = 4; lastKnownFileType = sourcecode.c.objc; path = ComColorManager.m; sourceTree = "<group>"; };
		E8690AC51C93BEC300BFC155 /* TagModel.h */ = {isa = PBXFileReference; fileEncoding = 4; lastKnownFileType = sourcecode.c.h; path = TagModel.h; sourceTree = "<group>"; };
		E8690AC61C93BEC300BFC155 /* TagModel.m */ = {isa = PBXFileReference; fileEncoding = 4; lastKnownFileType = sourcecode.c.objc; path = TagModel.m; sourceTree = "<group>"; };
		E86A22441C91A9B300E34A62 /* ComNetworking.h */ = {isa = PBXFileReference; fileEncoding = 4; lastKnownFileType = sourcecode.c.h; path = ComNetworking.h; sourceTree = "<group>"; };
		E86A22451C91A9B300E34A62 /* ComNetworking.m */ = {isa = PBXFileReference; fileEncoding = 4; lastKnownFileType = sourcecode.c.objc; path = ComNetworking.m; sourceTree = "<group>"; };
		E881E5641CF57C6E0021DA23 /* ComPageRequest.h */ = {isa = PBXFileReference; fileEncoding = 4; lastKnownFileType = sourcecode.c.h; path = ComPageRequest.h; sourceTree = "<group>"; };
		E881E5651CF57C6E0021DA23 /* ComPageRequest.m */ = {isa = PBXFileReference; fileEncoding = 4; lastKnownFileType = sourcecode.c.objc; path = ComPageRequest.m; sourceTree = "<group>"; };
		E88833C91CD7187F007AA83D /* UIView+TapBlock.h */ = {isa = PBXFileReference; fileEncoding = 4; lastKnownFileType = sourcecode.c.h; path = "UIView+TapBlock.h"; sourceTree = "<group>"; };
		E88833CA1CD7187F007AA83D /* UIView+TapBlock.m */ = {isa = PBXFileReference; fileEncoding = 4; lastKnownFileType = sourcecode.c.objc; path = "UIView+TapBlock.m"; sourceTree = "<group>"; };
		E88DFE971D7466E50058F015 /* ComTabViewController.h */ = {isa = PBXFileReference; fileEncoding = 4; lastKnownFileType = sourcecode.c.h; path = ComTabViewController.h; sourceTree = "<group>"; };
		E88DFE981D7466E50058F015 /* ComTabViewController.m */ = {isa = PBXFileReference; fileEncoding = 4; lastKnownFileType = sourcecode.c.objc; path = ComTabViewController.m; sourceTree = "<group>"; };
		E88DFEA11D7474380058F015 /* HomeVC.h */ = {isa = PBXFileReference; fileEncoding = 4; lastKnownFileType = sourcecode.c.h; path = HomeVC.h; sourceTree = "<group>"; };
		E88DFEA21D7474380058F015 /* HomeVC.m */ = {isa = PBXFileReference; fileEncoding = 4; lastKnownFileType = sourcecode.c.objc; path = HomeVC.m; sourceTree = "<group>"; };
		E88DFEA31D7474380058F015 /* HomeVC.xib */ = {isa = PBXFileReference; fileEncoding = 4; lastKnownFileType = file.xib; path = HomeVC.xib; sourceTree = "<group>"; };
		E88DFEA81D74748D0058F015 /* ComDemoViewController.h */ = {isa = PBXFileReference; fileEncoding = 4; lastKnownFileType = sourcecode.c.h; path = ComDemoViewController.h; sourceTree = "<group>"; };
		E88DFEA91D74748D0058F015 /* ComDemoViewController.m */ = {isa = PBXFileReference; fileEncoding = 4; lastKnownFileType = sourcecode.c.objc; path = ComDemoViewController.m; sourceTree = "<group>"; };
		E88DFEAA1D74748D0058F015 /* TestCollectionViewController.h */ = {isa = PBXFileReference; fileEncoding = 4; lastKnownFileType = sourcecode.c.h; path = TestCollectionViewController.h; sourceTree = "<group>"; };
		E88DFEAB1D74748D0058F015 /* TestCollectionViewController.m */ = {isa = PBXFileReference; fileEncoding = 4; lastKnownFileType = sourcecode.c.objc; path = TestCollectionViewController.m; sourceTree = "<group>"; };
		E88DFEAC1D74748D0058F015 /* TestScrollViewController.h */ = {isa = PBXFileReference; fileEncoding = 4; lastKnownFileType = sourcecode.c.h; path = TestScrollViewController.h; sourceTree = "<group>"; };
		E88DFEAD1D74748D0058F015 /* TestScrollViewController.m */ = {isa = PBXFileReference; fileEncoding = 4; lastKnownFileType = sourcecode.c.objc; path = TestScrollViewController.m; sourceTree = "<group>"; };
		E88DFEAE1D74748D0058F015 /* TestTableViewController.h */ = {isa = PBXFileReference; fileEncoding = 4; lastKnownFileType = sourcecode.c.h; path = TestTableViewController.h; sourceTree = "<group>"; };
		E88DFEAF1D74748D0058F015 /* TestTableViewController.m */ = {isa = PBXFileReference; fileEncoding = 4; lastKnownFileType = sourcecode.c.objc; path = TestTableViewController.m; sourceTree = "<group>"; };
		E88DFEB51D7475070058F015 /* MineVC.h */ = {isa = PBXFileReference; fileEncoding = 4; lastKnownFileType = sourcecode.c.h; path = MineVC.h; sourceTree = "<group>"; };
		E88DFEB61D7475070058F015 /* MineVC.m */ = {isa = PBXFileReference; fileEncoding = 4; lastKnownFileType = sourcecode.c.objc; path = MineVC.m; sourceTree = "<group>"; };
		E88DFEB71D7475070058F015 /* MineVC.xib */ = {isa = PBXFileReference; fileEncoding = 4; lastKnownFileType = file.xib; path = MineVC.xib; sourceTree = "<group>"; };
		E88DFEBB1D7475470058F015 /* tool_button_buy_bor@2x.png */ = {isa = PBXFileReference; lastKnownFileType = image.png; path = "tool_button_buy_bor@2x.png"; sourceTree = "<group>"; };
		E88DFEBC1D7475470058F015 /* tool_button_buy_bor@3x.png */ = {isa = PBXFileReference; lastKnownFileType = image.png; path = "tool_button_buy_bor@3x.png"; sourceTree = "<group>"; };
		E88DFEBD1D7475470058F015 /* tool_button_buy_sel@2x.png */ = {isa = PBXFileReference; lastKnownFileType = image.png; path = "tool_button_buy_sel@2x.png"; sourceTree = "<group>"; };
		E88DFEBE1D7475470058F015 /* tool_button_buy_sel@3x.png */ = {isa = PBXFileReference; lastKnownFileType = image.png; path = "tool_button_buy_sel@3x.png"; sourceTree = "<group>"; };
		E88DFEBF1D7475470058F015 /* tool_button_home_bor@2x.png */ = {isa = PBXFileReference; lastKnownFileType = image.png; path = "tool_button_home_bor@2x.png"; sourceTree = "<group>"; };
		E88DFEC01D7475470058F015 /* tool_button_home_bor@3x.png */ = {isa = PBXFileReference; lastKnownFileType = image.png; path = "tool_button_home_bor@3x.png"; sourceTree = "<group>"; };
		E88DFEC11D7475470058F015 /* tool_button_home_sel@2x.png */ = {isa = PBXFileReference; lastKnownFileType = image.png; path = "tool_button_home_sel@2x.png"; sourceTree = "<group>"; };
		E88DFEC21D7475470058F015 /* tool_button_home_sel@3x.png */ = {isa = PBXFileReference; lastKnownFileType = image.png; path = "tool_button_home_sel@3x.png"; sourceTree = "<group>"; };
		E88DFEC31D7475470058F015 /* tool_button_user_bor@2x.png */ = {isa = PBXFileReference; lastKnownFileType = image.png; path = "tool_button_user_bor@2x.png"; sourceTree = "<group>"; };
		E88DFEC41D7475470058F015 /* tool_button_user_bor@3x.png */ = {isa = PBXFileReference; lastKnownFileType = image.png; path = "tool_button_user_bor@3x.png"; sourceTree = "<group>"; };
		E88DFEC51D7475470058F015 /* tool_button_user_sel@2x.png */ = {isa = PBXFileReference; lastKnownFileType = image.png; path = "tool_button_user_sel@2x.png"; sourceTree = "<group>"; };
		E88DFEC61D7475470058F015 /* tool_button_user_sel@3x.png */ = {isa = PBXFileReference; lastKnownFileType = image.png; path = "tool_button_user_sel@3x.png"; sourceTree = "<group>"; };
		E897D3B11C8E64D80067B3E6 /* Assets.xcassets */ = {isa = PBXFileReference; lastKnownFileType = folder.assetcatalog; path = Assets.xcassets; sourceTree = "<group>"; };
		E8BFB08D1CE32B93002E99EC /* UIAlertView+Block2.h */ = {isa = PBXFileReference; fileEncoding = 4; lastKnownFileType = sourcecode.c.h; path = "UIAlertView+Block2.h"; sourceTree = "<group>"; };
		E8BFB08E1CE32B93002E99EC /* UIAlertView+Block2.m */ = {isa = PBXFileReference; fileEncoding = 4; lastKnownFileType = sourcecode.c.objc; path = "UIAlertView+Block2.m"; sourceTree = "<group>"; };
		E8C326411C891B7E00628824 /* CommonApp.app */ = {isa = PBXFileReference; explicitFileType = wrapper.application; includeInIndex = 0; path = CommonApp.app; sourceTree = BUILT_PRODUCTS_DIR; };
		E8C326451C891B7E00628824 /* main.m */ = {isa = PBXFileReference; lastKnownFileType = sourcecode.c.objc; path = main.m; sourceTree = "<group>"; };
		E8C326551C891B7E00628824 /* Info.plist */ = {isa = PBXFileReference; lastKnownFileType = text.plist.xml; path = Info.plist; sourceTree = "<group>"; };
		E8DD5FED1D90227100021379 /* MOBFoundation.framework */ = {isa = PBXFileReference; lastKnownFileType = wrapper.framework; path = MOBFoundation.framework; sourceTree = "<group>"; };
		E8DD5FEE1D90227100021379 /* SMS_SDK.framework */ = {isa = PBXFileReference; lastKnownFileType = wrapper.framework; path = SMS_SDK.framework; sourceTree = "<group>"; };
		E8DD5FF31D902D8D00021379 /* MessageUI.framework */ = {isa = PBXFileReference; lastKnownFileType = wrapper.framework; name = MessageUI.framework; path = System/Library/Frameworks/MessageUI.framework; sourceTree = SDKROOT; };
		E8DD5FF51D902D9300021379 /* JavaScriptCore.framework */ = {isa = PBXFileReference; lastKnownFileType = wrapper.framework; name = JavaScriptCore.framework; path = System/Library/Frameworks/JavaScriptCore.framework; sourceTree = SDKROOT; };
		E8DD5FF71D902DB900021379 /* libz.tbd */ = {isa = PBXFileReference; lastKnownFileType = "sourcecode.text-based-dylib-definition"; name = libz.tbd; path = usr/lib/libz.tbd; sourceTree = SDKROOT; };
		E8DD5FF91D902DD000021379 /* libicucore.tbd */ = {isa = PBXFileReference; lastKnownFileType = "sourcecode.text-based-dylib-definition"; name = libicucore.tbd; path = usr/lib/libicucore.tbd; sourceTree = SDKROOT; };
		E8DD5FFB1D902DE000021379 /* libstdc++.tbd */ = {isa = PBXFileReference; lastKnownFileType = "sourcecode.text-based-dylib-definition"; name = "libstdc++.tbd"; path = "usr/lib/libstdc++.tbd"; sourceTree = SDKROOT; };
		E8F54DF41CAB7A3100F492B2 /* BookListModel.h */ = {isa = PBXFileReference; fileEncoding = 4; lastKnownFileType = sourcecode.c.h; path = BookListModel.h; sourceTree = "<group>"; };
		E8F54DF51CAB7A3100F492B2 /* BookListModel.m */ = {isa = PBXFileReference; fileEncoding = 4; lastKnownFileType = sourcecode.c.objc; path = BookListModel.m; sourceTree = "<group>"; };
		E8F54DF71CABAF7900F492B2 /* BookModel.h */ = {isa = PBXFileReference; fileEncoding = 4; lastKnownFileType = sourcecode.c.h; path = BookModel.h; sourceTree = "<group>"; };
		E8F54DF81CABAF7900F492B2 /* BookModel.m */ = {isa = PBXFileReference; fileEncoding = 4; lastKnownFileType = sourcecode.c.objc; path = BookModel.m; sourceTree = "<group>"; };
		E8F7C03E1C8D6D6900625004 /* ComApplication.h */ = {isa = PBXFileReference; fileEncoding = 4; lastKnownFileType = sourcecode.c.h; path = ComApplication.h; sourceTree = "<group>"; };
		E8F7C03F1C8D6D6900625004 /* ComApplication.m */ = {isa = PBXFileReference; fileEncoding = 4; lastKnownFileType = sourcecode.c.objc; path = ComApplication.m; sourceTree = "<group>"; };
		E8F7C0411C8D6DDA00625004 /* ComAppDelegate.h */ = {isa = PBXFileReference; fileEncoding = 4; lastKnownFileType = sourcecode.c.h; path = ComAppDelegate.h; sourceTree = "<group>"; };
		E8F7C0421C8D6DDA00625004 /* ComAppDelegate.m */ = {isa = PBXFileReference; fileEncoding = 4; lastKnownFileType = sourcecode.c.objc; path = ComAppDelegate.m; sourceTree = "<group>"; };
		E8F9EA0C1C8E70390072F58D /* ComDefine.h */ = {isa = PBXFileReference; fileEncoding = 4; lastKnownFileType = sourcecode.c.h; path = ComDefine.h; sourceTree = "<group>"; };
		E8F9EA0F1C8E72CF0072F58D /* ComApp-Prefix.pch */ = {isa = PBXFileReference; lastKnownFileType = sourcecode.c.h; path = "ComApp-Prefix.pch"; sourceTree = "<group>"; };
		E8F9EA101C8E775F0072F58D /* ComServerDefine.h */ = {isa = PBXFileReference; fileEncoding = 4; lastKnownFileType = sourcecode.c.h; path = ComServerDefine.h; sourceTree = "<group>"; };
		E8FC45AC1CE082D200B97AA2 /* ComRootNavigationController.h */ = {isa = PBXFileReference; fileEncoding = 4; lastKnownFileType = sourcecode.c.h; path = ComRootNavigationController.h; sourceTree = "<group>"; };
		E8FC45AD1CE082D200B97AA2 /* ComRootNavigationController.m */ = {isa = PBXFileReference; fileEncoding = 4; lastKnownFileType = sourcecode.c.objc; path = ComRootNavigationController.m; sourceTree = "<group>"; };
		E8FC45AF1CE0899000B97AA2 /* AppCommon.h */ = {isa = PBXFileReference; fileEncoding = 4; lastKnownFileType = sourcecode.c.h; path = AppCommon.h; sourceTree = "<group>"; };
		E8FC45B01CE0899000B97AA2 /* AppCommon.m */ = {isa = PBXFileReference; fileEncoding = 4; lastKnownFileType = sourcecode.c.objc; path = AppCommon.m; sourceTree = "<group>"; };
		ED258A55F999CBDD9F12849B /* Pods.release.xcconfig */ = {isa = PBXFileReference; includeInIndex = 1; lastKnownFileType = text.xcconfig; name = Pods.release.xcconfig; path = "Pods/Target Support Files/Pods/Pods.release.xcconfig"; sourceTree = "<group>"; };
		EE8E82B16F0AC14988BB9451 /* libPods.a */ = {isa = PBXFileReference; explicitFileType = archive.ar; includeInIndex = 0; path = libPods.a; sourceTree = BUILT_PRODUCTS_DIR; };
/* End PBXFileReference section */

/* Begin PBXFrameworksBuildPhase section */
		E8C3263E1C891B7E00628824 /* Frameworks */ = {
			isa = PBXFrameworksBuildPhase;
			buildActionMask = 2147483647;
			files = (
				E8DD5FFC1D902DE000021379 /* libstdc++.tbd in Frameworks */,
				E8DD5FFA1D902DD000021379 /* libicucore.tbd in Frameworks */,
				E8DD5FF81D902DB900021379 /* libz.tbd in Frameworks */,
				E8DD5FF61D902D9300021379 /* JavaScriptCore.framework in Frameworks */,
				E8DD5FF41D902D8D00021379 /* MessageUI.framework in Frameworks */,
				E8DD5FF01D90227100021379 /* SMS_SDK.framework in Frameworks */,
				E8DD5FEF1D90227100021379 /* MOBFoundation.framework in Frameworks */,
				736B6BD82EF87EDE7FCF6DFE /* libPods.a in Frameworks */,
			);
			runOnlyForDeploymentPostprocessing = 0;
		};
/* End PBXFrameworksBuildPhase section */

/* Begin PBXGroup section */
		45EC1009AF7D019D8848B188 /* Pods */ = {
			isa = PBXGroup;
			children = (
				56BDED27ABF11BF389ED8CA5 /* Pods.debug.xcconfig */,
				ED258A55F999CBDD9F12849B /* Pods.release.xcconfig */,
			);
			name = Pods;
			sourceTree = "<group>";
		};
		B1355F1D786EB808FD23079C /* Frameworks */ = {
			isa = PBXGroup;
			children = (
				E8DD5FFB1D902DE000021379 /* libstdc++.tbd */,
				E8DD5FF91D902DD000021379 /* libicucore.tbd */,
				E8DD5FF71D902DB900021379 /* libz.tbd */,
				E8DD5FF51D902D9300021379 /* JavaScriptCore.framework */,
				E8DD5FF31D902D8D00021379 /* MessageUI.framework */,
				EE8E82B16F0AC14988BB9451 /* libPods.a */,
			);
			name = Frameworks;
			sourceTree = "<group>";
		};
		E800B5B91C8EF4A200F8BDEE /* Network */ = {
			isa = PBXGroup;
			children = (
				E86A22441C91A9B300E34A62 /* ComNetworking.h */,
				E86A22451C91A9B300E34A62 /* ComNetworking.m */,
				E800B5BA1C8EF4CB00F8BDEE /* ComRequest.h */,
				E800B5BB1C8EF4CB00F8BDEE /* ComRequest.m */,
				E881E5641CF57C6E0021DA23 /* ComPageRequest.h */,
				E881E5651CF57C6E0021DA23 /* ComPageRequest.m */,
				E83D0AA41CB21DF800E40B88 /* BookRequest.h */,
				E83D0AA51CB21DF800E40B88 /* BookRequest.m */,
			);
			name = Network;
			path = Workspace/Network;
			sourceTree = SOURCE_ROOT;
		};
		E807D21B1CB7A6BB00ADCF87 /* ErrorViewManager */ = {
			isa = PBXGroup;
			children = (
				E807D21C1CB7A6F000ADCF87 /* ComErrorViewManager.h */,
				E807D21D1CB7A6F000ADCF87 /* ComErrorViewManager.m */,
			);
			path = ErrorViewManager;
			sourceTree = "<group>";
		};
		E807D21F1CB7A8CB00ADCF87 /* Utils */ = {
			isa = PBXGroup;
			children = (
				E8FC45AF1CE0899000B97AA2 /* AppCommon.h */,
				E8FC45B01CE0899000B97AA2 /* AppCommon.m */,
				E843720B1CF53B1300EF51FC /* XMLReader */,
				E843720F1CF53B1300EF51FC /* XMLWriter */,
				E807D2201CB7A8CB00ADCF87 /* Additions */,
			);
			path = Utils;
			sourceTree = "<group>";
		};
		E807D2201CB7A8CB00ADCF87 /* Additions */ = {
			isa = PBXGroup;
			children = (
				E807D2211CB7A91200ADCF87 /* UIView+Additions.h */,
				E807D2221CB7A91200ADCF87 /* UIView+Additions.m */,
				E80F665C1CCE4F5300D8494D /* UIButton+Block.h */,
				E80F665D1CCE4F5300D8494D /* UIButton+Block.m */,
				E8BFB08D1CE32B93002E99EC /* UIAlertView+Block2.h */,
				E8BFB08E1CE32B93002E99EC /* UIAlertView+Block2.m */,
				E88833C91CD7187F007AA83D /* UIView+TapBlock.h */,
				E88833CA1CD7187F007AA83D /* UIView+TapBlock.m */,
				E846C4231D9157BC00001ACD /* NSString+Validate.h */,
				E846C4211D9157B000001ACD /* NSString+Validate.m */,
				E846C4271D917B8200001ACD /* NSString+Additions.h */,
				E846C4281D917B8200001ACD /* NSString+Additions.m */,
			);
			path = Additions;
			sourceTree = "<group>";
		};
		E81B197B1D7DB75600F1DCE4 /* ThirdPart */ = {
			isa = PBXGroup;
			children = (
				E8DD5FEC1D90227100021379 /* SMS_SDK */,
			);
			path = ThirdPart;
			sourceTree = "<group>";
		};
		E81B19891D7DB98B00F1DCE4 /* Compont */ = {
			isa = PBXGroup;
			children = (
				E858E81E1D92C94000767C83 /* ComColorManager.h */,
				E858E81F1D92C94000767C83 /* ComColorManager.m */,
				E858E8171D92C05800767C83 /* ComSMSManager.h */,
				E858E8181D92C05800767C83 /* ComSMSManager.m */,
				E858E81A1D92C0C400767C83 /* ComNetManager.h */,
				E858E81B1D92C0C400767C83 /* ComNetManager.m */,
			);
			path = Compont;
			sourceTree = "<group>";
		};
		E84262AB1CD8308A00100C3B /* CollectionView */ = {
			isa = PBXGroup;
			children = (
				E84262AC1CD8308A00100C3B /* ComCollectionView.h */,
				E84262AD1CD8308A00100C3B /* ComCollectionView.m */,
				E84262AE1CD8308A00100C3B /* ComCollectionViewDataSource.h */,
				E84262AF1CD8308A00100C3B /* ComCollectionViewDataSource.m */,
				E84262B01CD8308A00100C3B /* ComCollectionViewDelegate.h */,
				E84262B11CD8308A00100C3B /* ComCollectionViewDelegate.m */,
				E84262C61CD830EE00100C3B /* ComCollectionViewCell.h */,
				E84262C71CD830EE00100C3B /* ComCollectionViewCell.m */,
			);
			path = CollectionView;
			sourceTree = "<group>";
		};
		E84262B21CD8308A00100C3B /* ScrollView */ = {
			isa = PBXGroup;
			children = (
				E84262B31CD8308A00100C3B /* ComScrollView.h */,
				E84262B41CD8308A00100C3B /* ComScrollView.m */,
			);
			path = ScrollView;
			sourceTree = "<group>";
		};
		E84262B51CD8308A00100C3B /* TableView */ = {
			isa = PBXGroup;
			children = (
				E84262B61CD8308A00100C3B /* ComTableView.h */,
				E84262B71CD8308A00100C3B /* ComTableView.m */,
				E84262B81CD8308A00100C3B /* ComTableViewCell.h */,
				E84262B91CD8308A00100C3B /* ComTableViewCell.m */,
				E84262BA1CD8308A00100C3B /* ComTableViewDataSource.h */,
				E84262BB1CD8308A00100C3B /* ComTableViewDataSource.m */,
				E84262BC1CD8308A00100C3B /* ComTableViewDelegate.h */,
				E84262BD1CD8308A00100C3B /* ComTableViewDelegate.m */,
			);
			path = TableView;
			sourceTree = "<group>";
		};
		E84262CC1CD886E600100C3B /* ViewControllers */ = {
			isa = PBXGroup;
			children = (
				E84262CD1CD886E600100C3B /* ComBaseViewController.h */,
				E84262CE1CD886E600100C3B /* ComBaseViewController.m */,
				E8FC45AC1CE082D200B97AA2 /* ComRootNavigationController.h */,
				E8FC45AD1CE082D200B97AA2 /* ComRootNavigationController.m */,
				E88DFE971D7466E50058F015 /* ComTabViewController.h */,
				E88DFE981D7466E50058F015 /* ComTabViewController.m */,
			);
			path = ViewControllers;
			sourceTree = "<group>";
		};
		E843720B1CF53B1300EF51FC /* XMLReader */ = {
			isa = PBXGroup;
			children = (
				E843720D1CF53B1300EF51FC /* XMLReader.h */,
				E843720E1CF53B1300EF51FC /* XMLReader.m */,
			);
			path = XMLReader;
			sourceTree = "<group>";
		};
		E843720F1CF53B1300EF51FC /* XMLWriter */ = {
			isa = PBXGroup;
			children = (
				E84372111CF53B1300EF51FC /* XMLWriter.h */,
				E84372121CF53B1300EF51FC /* XMLWriter.m */,
			);
			path = XMLWriter;
			sourceTree = "<group>";
		};
		E84BD21F1C8FB181003EF94A /* Models */ = {
			isa = PBXGroup;
			children = (
				E84BD2231C8FBF16003EF94A /* BaseModel.h */,
				E84BD2241C8FBF16003EF94A /* BaseModel.m */,
				E84BD2201C8FB19F003EF94A /* UserModel.h */,
				E84BD2211C8FB19F003EF94A /* UserModel.m */,
				E8F54DF71CABAF7900F492B2 /* BookModel.h */,
				E8F54DF81CABAF7900F492B2 /* BookModel.m */,
				E8F54DF41CAB7A3100F492B2 /* BookListModel.h */,
				E8F54DF51CAB7A3100F492B2 /* BookListModel.m */,
				E8690AC51C93BEC300BFC155 /* TagModel.h */,
				E8690AC61C93BEC300BFC155 /* TagModel.m */,
			);
			path = Models;
			sourceTree = "<group>";
		};
		E8561D591D7EFEB600C507CF /* Login */ = {
			isa = PBXGroup;
			children = (
				E8561D5A1D7EFEC900C507CF /* RegisterViewController.h */,
				E8561D5B1D7EFEC900C507CF /* RegisterViewController.m */,
				E8561D5C1D7EFEC900C507CF /* RegisterViewController.xib */,
			);
			path = Login;
			sourceTree = "<group>";
		};
		E88DFE9A1D7473BB0058F015 /* Business */ = {
			isa = PBXGroup;
			children = (
				E88DFEA71D74748D0058F015 /* Demo */,
				E88DFEA01D7474380058F015 /* Home */,
				E88DFEB41D7474F80058F015 /* Mine */,
				E8561D591D7EFEB600C507CF /* Login */,
			);
			path = Business;
			sourceTree = "<group>";
		};
		E88DFEA01D7474380058F015 /* Home */ = {
			isa = PBXGroup;
			children = (
				E88DFEA11D7474380058F015 /* HomeVC.h */,
				E88DFEA21D7474380058F015 /* HomeVC.m */,
				E88DFEA31D7474380058F015 /* HomeVC.xib */,
			);
			path = Home;
			sourceTree = "<group>";
		};
		E88DFEA71D74748D0058F015 /* Demo */ = {
			isa = PBXGroup;
			children = (
				E88DFEA81D74748D0058F015 /* ComDemoViewController.h */,
				E88DFEA91D74748D0058F015 /* ComDemoViewController.m */,
				E88DFEAA1D74748D0058F015 /* TestCollectionViewController.h */,
				E88DFEAB1D74748D0058F015 /* TestCollectionViewController.m */,
				E88DFEAC1D74748D0058F015 /* TestScrollViewController.h */,
				E88DFEAD1D74748D0058F015 /* TestScrollViewController.m */,
				E88DFEAE1D74748D0058F015 /* TestTableViewController.h */,
				E88DFEAF1D74748D0058F015 /* TestTableViewController.m */,
			);
			path = Demo;
			sourceTree = "<group>";
		};
		E88DFEB41D7474F80058F015 /* Mine */ = {
			isa = PBXGroup;
			children = (
				E88DFEB51D7475070058F015 /* MineVC.h */,
				E88DFEB61D7475070058F015 /* MineVC.m */,
				E88DFEB71D7475070058F015 /* MineVC.xib */,
			);
			path = Mine;
			sourceTree = "<group>";
		};
		E88DFEBA1D7475470058F015 /* tabbar */ = {
			isa = PBXGroup;
			children = (
				E88DFEBB1D7475470058F015 /* tool_button_buy_bor@2x.png */,
				E88DFEBC1D7475470058F015 /* tool_button_buy_bor@3x.png */,
				E88DFEBD1D7475470058F015 /* tool_button_buy_sel@2x.png */,
				E88DFEBE1D7475470058F015 /* tool_button_buy_sel@3x.png */,
				E88DFEBF1D7475470058F015 /* tool_button_home_bor@2x.png */,
				E88DFEC01D7475470058F015 /* tool_button_home_bor@3x.png */,
				E88DFEC11D7475470058F015 /* tool_button_home_sel@2x.png */,
				E88DFEC21D7475470058F015 /* tool_button_home_sel@3x.png */,
				E88DFEC31D7475470058F015 /* tool_button_user_bor@2x.png */,
				E88DFEC41D7475470058F015 /* tool_button_user_bor@3x.png */,
				E88DFEC51D7475470058F015 /* tool_button_user_sel@2x.png */,
				E88DFEC61D7475470058F015 /* tool_button_user_sel@3x.png */,
			);
			path = tabbar;
			sourceTree = "<group>";
		};
		E897D3B01C8E64D80067B3E6 /* Resources */ = {
			isa = PBXGroup;
			children = (
				E88DFEBA1D7475470058F015 /* tabbar */,
				E897D3B11C8E64D80067B3E6 /* Assets.xcassets */,
			);
			path = Resources;
			sourceTree = "<group>";
		};
		E8C326381C891B7E00628824 = {
			isa = PBXGroup;
			children = (
				E8C326431C891B7E00628824 /* Workspace */,
				E8C326421C891B7E00628824 /* Products */,
				45EC1009AF7D019D8848B188 /* Pods */,
				B1355F1D786EB808FD23079C /* Frameworks */,
			);
			sourceTree = "<group>";
		};
		E8C326421C891B7E00628824 /* Products */ = {
			isa = PBXGroup;
			children = (
				E8C326411C891B7E00628824 /* CommonApp.app */,
			);
			name = Products;
			sourceTree = "<group>";
		};
		E8C326431C891B7E00628824 /* Workspace */ = {
			isa = PBXGroup;
			children = (
				E8F7C03E1C8D6D6900625004 /* ComApplication.h */,
				E8F7C03F1C8D6D6900625004 /* ComApplication.m */,
				E8F7C0411C8D6DDA00625004 /* ComAppDelegate.h */,
				E8F7C0421C8D6DDA00625004 /* ComAppDelegate.m */,
				E88DFE9A1D7473BB0058F015 /* Business */,
				E84262CC1CD886E600100C3B /* ViewControllers */,
				E8F9EA0A1C8E6F840072F58D /* Define */,
				E807D21F1CB7A8CB00ADCF87 /* Utils */,
				E800B5B91C8EF4A200F8BDEE /* Network */,
				E84BD21F1C8FB181003EF94A /* Models */,
				E8F54DEA1CAB721B00F492B2 /* CommonUI */,
				E81B19891D7DB98B00F1DCE4 /* Compont */,
				E81B197B1D7DB75600F1DCE4 /* ThirdPart */,
				E897D3B01C8E64D80067B3E6 /* Resources */,
				E8C326441C891B7E00628824 /* Supporting Files */,
			);
			path = Workspace;
			sourceTree = "<group>";
		};
		E8C326441C891B7E00628824 /* Supporting Files */ = {
			isa = PBXGroup;
			children = (
				E8C326451C891B7E00628824 /* main.m */,
				E8C326551C891B7E00628824 /* Info.plist */,
				E8F9EA0F1C8E72CF0072F58D /* ComApp-Prefix.pch */,
			);
			name = "Supporting Files";
			sourceTree = "<group>";
		};
		E8DD5FEC1D90227100021379 /* SMS_SDK */ = {
			isa = PBXGroup;
			children = (
				E8DD5FED1D90227100021379 /* MOBFoundation.framework */,
				E8DD5FEE1D90227100021379 /* SMS_SDK.framework */,
			);
			path = SMS_SDK;
			sourceTree = "<group>";
		};
		E8F54DEA1CAB721B00F492B2 /* CommonUI */ = {
			isa = PBXGroup;
			children = (
				E84262B51CD8308A00100C3B /* TableView */,
				E84262AB1CD8308A00100C3B /* CollectionView */,
				E84262B21CD8308A00100C3B /* ScrollView */,
				E807D21B1CB7A6BB00ADCF87 /* ErrorViewManager */,
				E8019A041CAE223900336897 /* BookTableViewCell.h */,
				E8019A051CAE223900336897 /* BookTableViewCell.m */,
				E84262C91CD835C900100C3B /* BookCollectionViewCell.h */,
				E84262CA1CD835C900100C3B /* BookCollectionViewCell.m */,
			);
			path = CommonUI;
			sourceTree = "<group>";
		};
		E8F9EA0A1C8E6F840072F58D /* Define */ = {
			isa = PBXGroup;
			children = (
				E8F9EA0C1C8E70390072F58D /* ComDefine.h */,
				E8F9EA101C8E775F0072F58D /* ComServerDefine.h */,
				E800B5B81C8EF25B00F8BDEE /* ComUIDefine.h */,
			);
			path = Define;
			sourceTree = "<group>";
		};
/* End PBXGroup section */

/* Begin PBXNativeTarget section */
		E8C326401C891B7E00628824 /* CommonApp */ = {
			isa = PBXNativeTarget;
			buildConfigurationList = E8C326581C891B7E00628824 /* Build configuration list for PBXNativeTarget "CommonApp" */;
			buildPhases = (
				390DA617471ABF38A9EF4690 /* Check Pods Manifest.lock */,
				E8C3263D1C891B7E00628824 /* Sources */,
				E8C3263E1C891B7E00628824 /* Frameworks */,
				E8C3263F1C891B7E00628824 /* Resources */,
				47B2CA26A374A5197EF8BA4B /* Copy Pods Resources */,
				0B607C7EA75C709A8BE5671F /* Embed Pods Frameworks */,
			);
			buildRules = (
			);
			dependencies = (
			);
			name = CommonApp;
			productName = Workspace;
			productReference = E8C326411C891B7E00628824 /* CommonApp.app */;
			productType = "com.apple.product-type.application";
		};
/* End PBXNativeTarget section */

/* Begin PBXProject section */
		E8C326391C891B7E00628824 /* Project object */ = {
			isa = PBXProject;
			attributes = {
				LastUpgradeCheck = 0710;
				ORGANIZATIONNAME = common;
				TargetAttributes = {
					E8C326401C891B7E00628824 = {
						CreatedOnToolsVersion = 7.1.1;
						DevelopmentTeam = SQ935D3STH;
						ProvisioningStyle = Manual;
					};
				};
			};
			buildConfigurationList = E8C3263C1C891B7E00628824 /* Build configuration list for PBXProject "CommonApp" */;
			compatibilityVersion = "Xcode 3.2";
			developmentRegion = English;
			hasScannedForEncodings = 0;
			knownRegions = (
				en,
				Base,
			);
			mainGroup = E8C326381C891B7E00628824;
			productRefGroup = E8C326421C891B7E00628824 /* Products */;
			projectDirPath = "";
			projectRoot = "";
			targets = (
				E8C326401C891B7E00628824 /* CommonApp */,
			);
		};
/* End PBXProject section */

/* Begin PBXResourcesBuildPhase section */
		E8C3263F1C891B7E00628824 /* Resources */ = {
			isa = PBXResourcesBuildPhase;
			buildActionMask = 2147483647;
			files = (
				E88DFED01D7475470058F015 /* tool_button_user_bor@3x.png in Resources */,
				E88DFED21D7475470058F015 /* tool_button_user_sel@3x.png in Resources */,
				E88DFEC91D7475470058F015 /* tool_button_buy_sel@2x.png in Resources */,
				E88DFEB91D7475070058F015 /* MineVC.xib in Resources */,
				E88DFEC71D7475470058F015 /* tool_button_buy_bor@2x.png in Resources */,
				E88DFECB1D7475470058F015 /* tool_button_home_bor@2x.png in Resources */,
				E88DFECD1D7475470058F015 /* tool_button_home_sel@2x.png in Resources */,
				E897D3B21C8E64D80067B3E6 /* Assets.xcassets in Resources */,
				E88DFECA1D7475470058F015 /* tool_button_buy_sel@3x.png in Resources */,
				E88DFED11D7475470058F015 /* tool_button_user_sel@2x.png in Resources */,
				E88DFEA61D7474380058F015 /* HomeVC.xib in Resources */,
				E88DFECC1D7475470058F015 /* tool_button_home_bor@3x.png in Resources */,
				E88DFECF1D7475470058F015 /* tool_button_user_bor@2x.png in Resources */,
				E88DFECE1D7475470058F015 /* tool_button_home_sel@3x.png in Resources */,
				E88DFEC81D7475470058F015 /* tool_button_buy_bor@3x.png in Resources */,
				E8561D5E1D7EFEC900C507CF /* RegisterViewController.xib in Resources */,
			);
			runOnlyForDeploymentPostprocessing = 0;
		};
/* End PBXResourcesBuildPhase section */

/* Begin PBXShellScriptBuildPhase section */
		0B607C7EA75C709A8BE5671F /* Embed Pods Frameworks */ = {
			isa = PBXShellScriptBuildPhase;
			buildActionMask = 2147483647;
			files = (
			);
			inputPaths = (
			);
			name = "Embed Pods Frameworks";
			outputPaths = (
			);
			runOnlyForDeploymentPostprocessing = 0;
			shellPath = /bin/sh;
			shellScript = "\"${SRCROOT}/Pods/Target Support Files/Pods/Pods-frameworks.sh\"\n";
			showEnvVarsInLog = 0;
		};
		390DA617471ABF38A9EF4690 /* Check Pods Manifest.lock */ = {
			isa = PBXShellScriptBuildPhase;
			buildActionMask = 2147483647;
			files = (
			);
			inputPaths = (
			);
			name = "Check Pods Manifest.lock";
			outputPaths = (
			);
			runOnlyForDeploymentPostprocessing = 0;
			shellPath = /bin/sh;
			shellScript = "diff \"${PODS_ROOT}/../Podfile.lock\" \"${PODS_ROOT}/Manifest.lock\" > /dev/null\nif [[ $? != 0 ]] ; then\n    cat << EOM\nerror: The sandbox is not in sync with the Podfile.lock. Run 'pod install' or update your CocoaPods installation.\nEOM\n    exit 1\nfi\n";
			showEnvVarsInLog = 0;
		};
		47B2CA26A374A5197EF8BA4B /* Copy Pods Resources */ = {
			isa = PBXShellScriptBuildPhase;
			buildActionMask = 2147483647;
			files = (
			);
			inputPaths = (
			);
			name = "Copy Pods Resources";
			outputPaths = (
			);
			runOnlyForDeploymentPostprocessing = 0;
			shellPath = /bin/sh;
			shellScript = "\"${SRCROOT}/Pods/Target Support Files/Pods/Pods-resources.sh\"\n";
			showEnvVarsInLog = 0;
		};
/* End PBXShellScriptBuildPhase section */

/* Begin PBXSourcesBuildPhase section */
		E8C3263D1C891B7E00628824 /* Sources */ = {
			isa = PBXSourcesBuildPhase;
			buildActionMask = 2147483647;
			files = (
				E88DFE991D7466E50058F015 /* ComTabViewController.m in Sources */,
				E86A22461C91A9B300E34A62 /* ComNetworking.m in Sources */,
				E84262BF1CD8308A00100C3B /* ComCollectionViewDataSource.m in Sources */,
				E8BFB08F1CE32B93002E99EC /* UIAlertView+Block2.m in Sources */,
				E8F7C0401C8D6D6900625004 /* ComApplication.m in Sources */,
				E84262CB1CD835C900100C3B /* BookCollectionViewCell.m in Sources */,
				E83D0AA61CB21DF800E40B88 /* BookRequest.m in Sources */,
				E807D21E1CB7A6F000ADCF87 /* ComErrorViewManager.m in Sources */,
				E84262C01CD8308A00100C3B /* ComCollectionViewDelegate.m in Sources */,
				E88DFEB01D74748D0058F015 /* ComDemoViewController.m in Sources */,
				E84262C31CD8308A00100C3B /* ComTableViewCell.m in Sources */,
				E84372161CF53B1300EF51FC /* XMLWriter.m in Sources */,
				E88DFEA51D7474380058F015 /* HomeVC.m in Sources */,
				E84262C21CD8308A00100C3B /* ComTableView.m in Sources */,
				E84262C81CD830EE00100C3B /* ComCollectionViewCell.m in Sources */,
				E84262C51CD8308A00100C3B /* ComTableViewDelegate.m in Sources */,
				E807D2231CB7A91200ADCF87 /* UIView+Additions.m in Sources */,
				E88DFEB21D74748D0058F015 /* TestScrollViewController.m in Sources */,
				E8F54DF61CAB7A3100F492B2 /* BookListModel.m in Sources */,
				E8F54DF91CABAF7900F492B2 /* BookModel.m in Sources */,
				E881E5661CF57C6E0021DA23 /* ComPageRequest.m in Sources */,
				E84BD2221C8FB19F003EF94A /* UserModel.m in Sources */,
				E88833CB1CD7187F007AA83D /* UIView+TapBlock.m in Sources */,
				E8FC45B11CE0899000B97AA2 /* AppCommon.m in Sources */,
				E8561D5D1D7EFEC900C507CF /* RegisterViewController.m in Sources */,
				E84262BE1CD8308A00100C3B /* ComCollectionView.m in Sources */,
				E858E81C1D92C0C400767C83 /* ComNetManager.m in Sources */,
				E88DFEB81D7475070058F015 /* MineVC.m in Sources */,
				E8FC45AE1CE082D200B97AA2 /* ComRootNavigationController.m in Sources */,
				E88DFEB31D74748D0058F015 /* TestTableViewController.m in Sources */,
				E84262C41CD8308A00100C3B /* ComTableViewDataSource.m in Sources */,
				E858E8201D92C94000767C83 /* ComColorManager.m in Sources */,
				E84262C11CD8308A00100C3B /* ComScrollView.m in Sources */,
				E8C326461C891B7E00628824 /* main.m in Sources */,
				E80F665E1CCE4F5300D8494D /* UIButton+Block.m in Sources */,
				E846C4221D9157B000001ACD /* NSString+Validate.m in Sources */,
				E8019A061CAE223900336897 /* BookTableViewCell.m in Sources */,
				E84BD2251C8FBF16003EF94A /* BaseModel.m in Sources */,
				E846C4291D917B8200001ACD /* NSString+Additions.m in Sources */,
				E8F7C0431C8D6DDA00625004 /* ComAppDelegate.m in Sources */,
				E84372141CF53B1300EF51FC /* XMLReader.m in Sources */,
				E88DFEB11D74748D0058F015 /* TestCollectionViewController.m in Sources */,
				E858E8191D92C05800767C83 /* ComSMSManager.m in Sources */,
				E800B5BC1C8EF4CB00F8BDEE /* ComRequest.m in Sources */,
				E8690AC71C93BEC300BFC155 /* TagModel.m in Sources */,
				E84262D71CD886E600100C3B /* ComBaseViewController.m in Sources */,
			);
			runOnlyForDeploymentPostprocessing = 0;
		};
/* End PBXSourcesBuildPhase section */

/* Begin XCBuildConfiguration section */
		E8C326561C891B7E00628824 /* Debug */ = {
			isa = XCBuildConfiguration;
			buildSettings = {
				ALWAYS_SEARCH_USER_PATHS = NO;
				CLANG_CXX_LANGUAGE_STANDARD = "gnu++0x";
				CLANG_CXX_LIBRARY = "libc++";
				CLANG_ENABLE_MODULES = YES;
				CLANG_ENABLE_OBJC_ARC = YES;
				CLANG_WARN_BOOL_CONVERSION = YES;
				CLANG_WARN_CONSTANT_CONVERSION = YES;
				CLANG_WARN_DIRECT_OBJC_ISA_USAGE = YES_ERROR;
				CLANG_WARN_EMPTY_BODY = YES;
				CLANG_WARN_ENUM_CONVERSION = YES;
				CLANG_WARN_INT_CONVERSION = YES;
				CLANG_WARN_OBJC_ROOT_CLASS = YES_ERROR;
				CLANG_WARN_UNREACHABLE_CODE = YES;
				CLANG_WARN__DUPLICATE_METHOD_MATCH = YES;
				"CODE_SIGN_IDENTITY[sdk=iphoneos*]" = "iPhone Developer";
				COPY_PHASE_STRIP = NO;
				DEBUG_INFORMATION_FORMAT = dwarf;
				ENABLE_STRICT_OBJC_MSGSEND = YES;
				ENABLE_TESTABILITY = YES;
				GCC_C_LANGUAGE_STANDARD = gnu99;
				GCC_DYNAMIC_NO_PIC = NO;
				GCC_NO_COMMON_BLOCKS = YES;
				GCC_OPTIMIZATION_LEVEL = 0;
				GCC_PREPROCESSOR_DEFINITIONS = (
					"DEBUG=1",
					"$(inherited)",
				);
				GCC_WARN_64_TO_32_BIT_CONVERSION = YES;
				GCC_WARN_ABOUT_RETURN_TYPE = YES_ERROR;
				GCC_WARN_UNDECLARED_SELECTOR = YES;
				GCC_WARN_UNINITIALIZED_AUTOS = YES_AGGRESSIVE;
				GCC_WARN_UNUSED_FUNCTION = YES;
				GCC_WARN_UNUSED_VARIABLE = YES;
				IPHONEOS_DEPLOYMENT_TARGET = 9.1;
				MTL_ENABLE_DEBUG_INFO = YES;
				ONLY_ACTIVE_ARCH = YES;
				SDKROOT = iphoneos;
			};
			name = Debug;
		};
		E8C326571C891B7E00628824 /* Release */ = {
			isa = XCBuildConfiguration;
			buildSettings = {
				ALWAYS_SEARCH_USER_PATHS = NO;
				CLANG_CXX_LANGUAGE_STANDARD = "gnu++0x";
				CLANG_CXX_LIBRARY = "libc++";
				CLANG_ENABLE_MODULES = YES;
				CLANG_ENABLE_OBJC_ARC = YES;
				CLANG_WARN_BOOL_CONVERSION = YES;
				CLANG_WARN_CONSTANT_CONVERSION = YES;
				CLANG_WARN_DIRECT_OBJC_ISA_USAGE = YES_ERROR;
				CLANG_WARN_EMPTY_BODY = YES;
				CLANG_WARN_ENUM_CONVERSION = YES;
				CLANG_WARN_INT_CONVERSION = YES;
				CLANG_WARN_OBJC_ROOT_CLASS = YES_ERROR;
				CLANG_WARN_UNREACHABLE_CODE = YES;
				CLANG_WARN__DUPLICATE_METHOD_MATCH = YES;
				"CODE_SIGN_IDENTITY[sdk=iphoneos*]" = "iPhone Developer";
				COPY_PHASE_STRIP = NO;
				DEBUG_INFORMATION_FORMAT = "dwarf-with-dsym";
				ENABLE_NS_ASSERTIONS = NO;
				ENABLE_STRICT_OBJC_MSGSEND = YES;
				GCC_C_LANGUAGE_STANDARD = gnu99;
				GCC_NO_COMMON_BLOCKS = YES;
				GCC_WARN_64_TO_32_BIT_CONVERSION = YES;
				GCC_WARN_ABOUT_RETURN_TYPE = YES_ERROR;
				GCC_WARN_UNDECLARED_SELECTOR = YES;
				GCC_WARN_UNINITIALIZED_AUTOS = YES_AGGRESSIVE;
				GCC_WARN_UNUSED_FUNCTION = YES;
				GCC_WARN_UNUSED_VARIABLE = YES;
				IPHONEOS_DEPLOYMENT_TARGET = 9.1;
				MTL_ENABLE_DEBUG_INFO = NO;
				SDKROOT = iphoneos;
				VALIDATE_PRODUCT = YES;
			};
			name = Release;
		};
		E8C326591C891B7E00628824 /* Debug */ = {
			isa = XCBuildConfiguration;
			baseConfigurationReference = 56BDED27ABF11BF389ED8CA5 /* Pods.debug.xcconfig */;
			buildSettings = {
				ASSETCATALOG_COMPILER_APPICON_NAME = AppIcon;
				ASSETCATALOG_COMPILER_LAUNCHIMAGE_NAME = LaunchImage;
				DEVELOPMENT_TEAM = SQ935D3STH;
				FRAMEWORK_SEARCH_PATHS = (
					"$(inherited)",
					"$(PROJECT_DIR)/Workspace/ThirdPart/SMS_SDK",
				);
				GCC_PREFIX_HEADER = "$(SRCROOT)/Workspace/ComApp-Prefix.pch";
				INFOPLIST_FILE = Workspace/Info.plist;
				IPHONEOS_DEPLOYMENT_TARGET = 7.0;
				LD_RUNPATH_SEARCH_PATHS = "$(inherited) @executable_path/Frameworks";
				LIBRARY_SEARCH_PATHS = "$(inherited)";
				PRODUCT_BUNDLE_IDENTIFIER = com.sinoceanland.yjq;
				PRODUCT_NAME = CommonApp;
				PROVISIONING_PROFILE = "b49b63e6-643a-4993-99e6-a46c22caca5b";
				PROVISIONING_PROFILE_SPECIFIER = yjqDev;
			};
			name = Debug;
		};
		E8C3265A1C891B7E00628824 /* Release */ = {
			isa = XCBuildConfiguration;
			baseConfigurationReference = ED258A55F999CBDD9F12849B /* Pods.release.xcconfig */;
			buildSettings = {
				ASSETCATALOG_COMPILER_APPICON_NAME = AppIcon;
				ASSETCATALOG_COMPILER_LAUNCHIMAGE_NAME = LaunchImage;
				DEVELOPMENT_TEAM = "";
				FRAMEWORK_SEARCH_PATHS = (
					"$(inherited)",
					"$(PROJECT_DIR)/Workspace/ThirdPart/SMS_SDK",
				);
				GCC_PREFIX_HEADER = "$(SRCROOT)/Workspace/ComApp-Prefix.pch";
				INFOPLIST_FILE = Workspace/Info.plist;
				IPHONEOS_DEPLOYMENT_TARGET = 7.0;
				LD_RUNPATH_SEARCH_PATHS = "$(inherited) @executable_path/Frameworks";
				LIBRARY_SEARCH_PATHS = "$(inherited)";
				PRODUCT_BUNDLE_IDENTIFIER = com.sinoceanland.yjq;
				PRODUCT_NAME = CommonApp;
			};
			name = Release;
		};
/* End XCBuildConfiguration section */

/* Begin XCConfigurationList section */
		E8C3263C1C891B7E00628824 /* Build configuration list for PBXProject "CommonApp" */ = {
			isa = XCConfigurationList;
			buildConfigurations = (
				E8C326561C891B7E00628824 /* Debug */,
				E8C326571C891B7E00628824 /* Release */,
			);
			defaultConfigurationIsVisible = 0;
			defaultConfigurationName = Release;
		};
		E8C326581C891B7E00628824 /* Build configuration list for PBXNativeTarget "CommonApp" */ = {
			isa = XCConfigurationList;
			buildConfigurations = (
				E8C326591C891B7E00628824 /* Debug */,
				E8C3265A1C891B7E00628824 /* Release */,
			);
			defaultConfigurationIsVisible = 0;
			defaultConfigurationName = Release;
		};
/* End XCConfigurationList section */
	};
	rootObject = E8C326391C891B7E00628824 /* Project object */;
}
